{
  "name": "hooktest",
  "version": "1.0.0",
  "lockfileVersion": 1,
  "requires": true,
  "dependencies": {
    "git-pre-hooks": {
      "version": "1.2.1",
      "resolved": "https://registry.npmjs.org/git-pre-hooks/-/git-pre-hooks-1.2.1.tgz",
      "integrity": "sha512-Jed/DIquN7+6ON0jXxjbkZ9jo33xdWLrYnCrktIs80W2uokN1Gos3c/tBPU4NzC1IeGq2e2ILmQkULx8WQGeVQ==",
      "dev": true
    }
  }
}
